
Microsoft Visual Studio Solution File, Format Version 10.00
# Visual Studio 2008
Project("{8BC9CEB8-8B4A-11D0-8D11-00A0C91BC942}") = "apr", "..\apr\apr.vcproj", "{899878F8-95E3-4786-996C-84B9B37300E7}"
EndProject
Project("{8BC9CEB8-8B4A-11D0-8D11-00A0C91BC942}") = "apr_crypto_nss", "crypto\apr_crypto_nss.vcproj", "{2F273149-0CAF-43E0-A67D-56DD83903772}"
	ProjectSection(ProjectDependencies) = postProject
		{D798C81F-A240-4CA8-9892-9E213736BC19} = {D798C81F-A240-4CA8-9892-9E213736BC19}
		{7B325AF0-938B-4154-AE67-37CB02A5D6E0} = {7B325AF0-938B-4154-AE67-37CB02A5D6E0}
	EndProjectSection
EndProject
Project("{8BC9CEB8-8B4A-11D0-8D11-00A0C91BC942}") = "apr_crypto_openssl", "crypto\apr_crypto_openssl.vcproj", "{1894B6EA-D274-40AB-AA3E-247E2794B9C9}"
	ProjectSection(ProjectDependencies) = postProject
		{D798C81F-A240-4CA8-9892-9E213736BC19} = {D798C81F-A240-4CA8-9892-9E213736BC19}
		{7B325AF0-938B-4154-AE67-37CB02A5D6E0} = {7B325AF0-938B-4154-AE67-37CB02A5D6E0}
	EndProjectSection
EndProject
Project("{8BC9CEB8-8B4A-11D0-8D11-00A0C91BC942}") = "apr_dbd_freetds", "dbd\apr_dbd_freetds.vcproj", "{F8401A23-7899-413D-99F3-281BA7CCB7F7}"
	ProjectSection(ProjectDependencies) = postProject
		{D798C81F-A240-4CA8-9892-9E213736BC19} = {D798C81F-A240-4CA8-9892-9E213736BC19}
		{7B325AF0-938B-4154-AE67-37CB02A5D6E0} = {7B325AF0-938B-4154-AE67-37CB02A5D6E0}
	EndProjectSection
EndProject
Project("{8BC9CEB8-8B4A-11D0-8D11-00A0C91BC942}") = "apr_dbd_mysql", "dbd\apr_dbd_mysql.vcproj", "{1054D9D6-7E63-4253-8C9C-20B97A2C3DB5}"
	ProjectSection(ProjectDependencies) = postProject
		{D798C81F-A240-4CA8-9892-9E213736BC19} = {D798C81F-A240-4CA8-9892-9E213736BC19}
		{7B325AF0-938B-4154-AE67-37CB02A5D6E0} = {7B325AF0-938B-4154-AE67-37CB02A5D6E0}
	EndProjectSection
EndProject
Project("{8BC9CEB8-8B4A-11D0-8D11-00A0C91BC942}") = "apr_dbd_odbc", "dbd\apr_dbd_odbc.vcproj", "{A6D3600E-ADE5-4612-9AFE-35ABF1A86C42}"
	ProjectSection(ProjectDependencies) = postProject
		{7B325AF0-938B-4154-AE67-37CB02A5D6E0} = {7B325AF0-938B-4154-AE67-37CB02A5D6E0}
		{D798C81F-A240-4CA8-9892-9E213736BC19} = {D798C81F-A240-4CA8-9892-9E213736BC19}
	EndProjectSection
EndProject
Project("{8BC9CEB8-8B4A-11D0-8D11-00A0C91BC942}") = "apr_dbd_oracle", "dbd\apr_dbd_oracle.vcproj", "{D093E46E-1AF1-4FC1-91B1-AD25317E6E95}"
	ProjectSection(ProjectDependencies) = postProject
		{D798C81F-A240-4CA8-9892-9E213736BC19} = {D798C81F-A240-4CA8-9892-9E213736BC19}
		{7B325AF0-938B-4154-AE67-37CB02A5D6E0} = {7B325AF0-938B-4154-AE67-37CB02A5D6E0}
	EndProjectSection
EndProject
Project("{8BC9CEB8-8B4A-11D0-8D11-00A0C91BC942}") = "apr_dbd_pgsql", "dbd\apr_dbd_pgsql.vcproj", "{A8F79DC5-4AB4-4463-8209-1E3B9B6B8149}"
	ProjectSection(ProjectDependencies) = postProject
		{D798C81F-A240-4CA8-9892-9E213736BC19} = {D798C81F-A240-4CA8-9892-9E213736BC19}
		{7B325AF0-938B-4154-AE67-37CB02A5D6E0} = {7B325AF0-938B-4154-AE67-37CB02A5D6E0}
	EndProjectSection
EndProject
Project("{8BC9CEB8-8B4A-11D0-8D11-00A0C91BC942}") = "apr_dbd_sqlite2", "dbd\apr_dbd_sqlite2.vcproj", "{C8F65F68-C1B0-4654-848F-262B9E1781EF}"
	ProjectSection(ProjectDependencies) = postProject
		{D798C81F-A240-4CA8-9892-9E213736BC19} = {D798C81F-A240-4CA8-9892-9E213736BC19}
		{7B325AF0-938B-4154-AE67-37CB02A5D6E0} = {7B325AF0-938B-4154-AE67-37CB02A5D6E0}
	EndProjectSection
EndProject
Project("{8BC9CEB8-8B4A-11D0-8D11-00A0C91BC942}") = "apr_dbd_sqlite3", "dbd\apr_dbd_sqlite3.vcproj", "{6F80FAA1-9B97-4ED4-82F8-5D9E70A27555}"
	ProjectSection(ProjectDependencies) = postProject
		{D798C81F-A240-4CA8-9892-9E213736BC19} = {D798C81F-A240-4CA8-9892-9E213736BC19}
		{7B325AF0-938B-4154-AE67-37CB02A5D6E0} = {7B325AF0-938B-4154-AE67-37CB02A5D6E0}
	EndProjectSection
EndProject
Project("{8BC9CEB8-8B4A-11D0-8D11-00A0C91BC942}") = "apr_dbm_db", "dbm\apr_dbm_db.vcproj", "{D5DE9F00-87B6-4AB2-B9D0-CB9D8F1BE7F7}"
	ProjectSection(ProjectDependencies) = postProject
		{D798C81F-A240-4CA8-9892-9E213736BC19} = {D798C81F-A240-4CA8-9892-9E213736BC19}
		{7B325AF0-938B-4154-AE67-37CB02A5D6E0} = {7B325AF0-938B-4154-AE67-37CB02A5D6E0}
	EndProjectSection
EndProject
Project("{8BC9CEB8-8B4A-11D0-8D11-00A0C91BC942}") = "apr_dbm_gdbm", "dbm\apr_dbm_gdbm.vcproj", "{841ADA62-F01E-44C7-8C88-D4F2EE10AAED}"
	ProjectSection(ProjectDependencies) = postProject
		{D798C81F-A240-4CA8-9892-9E213736BC19} = {D798C81F-A240-4CA8-9892-9E213736BC19}
		{7B325AF0-938B-4154-AE67-37CB02A5D6E0} = {7B325AF0-938B-4154-AE67-37CB02A5D6E0}
	EndProjectSection
EndProject
Project("{8BC9CEB8-8B4A-11D0-8D11-00A0C91BC942}") = "apr_ldap", "ldap\apr_ldap.vcproj", "{EC388266-6BF2-408E-B3E6-AF226882E9CA}"
	ProjectSection(ProjectDependencies) = postProject
		{D798C81F-A240-4CA8-9892-9E213736BC19} = {D798C81F-A240-4CA8-9892-9E213736BC19}
		{7B325AF0-938B-4154-AE67-37CB02A5D6E0} = {7B325AF0-938B-4154-AE67-37CB02A5D6E0}
	EndProjectSection
EndProject
Project("{8BC9CEB8-8B4A-11D0-8D11-00A0C91BC942}") = "aprapp", "..\apr\build\aprapp.vcproj", "{2F0B5724-4792-4F98-BB08-9CF3C509755B}"
	ProjectSection(ProjectDependencies) = postProject
		{E6A3A6AF-E826-4948-BD35-2D10A2258F4A} = {E6A3A6AF-E826-4948-BD35-2D10A2258F4A}
	EndProjectSection
EndProject
Project("{8BC9CEB8-8B4A-11D0-8D11-00A0C91BC942}") = "apriconv", "..\apr-iconv\apriconv.vcproj", "{375589BA-F861-47F7-A632-230AC7A7EE24}"
	ProjectSection(ProjectDependencies) = postProject
		{5D322EA8-0572-4DFF-BF93-DB32C0A3A3C5} = {5D322EA8-0572-4DFF-BF93-DB32C0A3A3C5}
	EndProjectSection
EndProject
Project("{8BC9CEB8-8B4A-11D0-8D11-00A0C91BC942}") = "aprutil", "aprutil.vcproj", "{50915BCD-2B3F-490D-A902-6A1E720125FE}"
	ProjectSection(ProjectDependencies) = postProject
		{5F8308D7-5427-49CA-92F7-14FB87F942B6} = {5F8308D7-5427-49CA-92F7-14FB87F942B6}
		{375589BA-F861-47F7-A632-230AC7A7EE24} = {375589BA-F861-47F7-A632-230AC7A7EE24}
		{05B5AFA5-AEFE-4B2B-82B6-84EB1405DBFD} = {05B5AFA5-AEFE-4B2B-82B6-84EB1405DBFD}
	EndProjectSection
EndProject
Project("{8BC9CEB8-8B4A-11D0-8D11-00A0C91BC942}") = "libapr", "..\apr\libapr.vcproj", "{D798C81F-A240-4CA8-9892-9E213736BC19}"
EndProject
Project("{8BC9CEB8-8B4A-11D0-8D11-00A0C91BC942}") = "libaprapp", "..\apr\build\libaprapp.vcproj", "{D037E4D7-3D4E-4D9D-88BA-6D4186C33A79}"
	ProjectSection(ProjectDependencies) = postProject
		{004D0D1B-CC9B-46BB-B7FA-70651B22B32F} = {004D0D1B-CC9B-46BB-B7FA-70651B22B32F}
	EndProjectSection
EndProject
Project("{8BC9CEB8-8B4A-11D0-8D11-00A0C91BC942}") = "libapriconv", "..\apr-iconv\libapriconv.vcproj", "{5C17D591-77A6-4E3D-8C11-0C3D3353B6DB}"
	ProjectSection(ProjectDependencies) = postProject
		{D798C81F-A240-4CA8-9892-9E213736BC19} = {D798C81F-A240-4CA8-9892-9E213736BC19}
	EndProjectSection
EndProject
Project("{8BC9CEB8-8B4A-11D0-8D11-00A0C91BC942}") = "libapriconv_ccs_modules", "..\apr-iconv\ccs\libapriconv_ccs_modules.vcproj", "{A00C74DF-90CB-4E6F-A339-039BD73410A9}"
	ProjectSection(ProjectDependencies) = postProject
		{D798C81F-A240-4CA8-9892-9E213736BC19} = {D798C81F-A240-4CA8-9892-9E213736BC19}
		{5C17D591-77A6-4E3D-8C11-0C3D3353B6DB} = {5C17D591-77A6-4E3D-8C11-0C3D3353B6DB}
	EndProjectSection
EndProject
Project("{8BC9CEB8-8B4A-11D0-8D11-00A0C91BC942}") = "libapriconv_ces_modules", "..\apr-iconv\ces\libapriconv_ces_modules.vcproj", "{E863B962-BD16-42EA-8BEF-D26DFFA9EFB6}"
	ProjectSection(ProjectDependencies) = postProject
		{D798C81F-A240-4CA8-9892-9E213736BC19} = {D798C81F-A240-4CA8-9892-9E213736BC19}
		{5C17D591-77A6-4E3D-8C11-0C3D3353B6DB} = {5C17D591-77A6-4E3D-8C11-0C3D3353B6DB}
	EndProjectSection
EndProject
Project("{8BC9CEB8-8B4A-11D0-8D11-00A0C91BC942}") = "libaprutil", "libaprutil.vcproj", "{7B325AF0-938B-4154-AE67-37CB02A5D6E0}"
	ProjectSection(ProjectDependencies) = postProject
		{D798C81F-A240-4CA8-9892-9E213736BC19} = {D798C81F-A240-4CA8-9892-9E213736BC19}
		{D037E4D7-3D4E-4D9D-88BA-6D4186C33A79} = {D037E4D7-3D4E-4D9D-88BA-6D4186C33A79}
		{5C17D591-77A6-4E3D-8C11-0C3D3353B6DB} = {5C17D591-77A6-4E3D-8C11-0C3D3353B6DB}
		{A00C74DF-90CB-4E6F-A339-039BD73410A9} = {A00C74DF-90CB-4E6F-A339-039BD73410A9}
		{E863B962-BD16-42EA-8BEF-D26DFFA9EFB6} = {E863B962-BD16-42EA-8BEF-D26DFFA9EFB6}
		{05B5AFA5-AEFE-4B2B-82B6-84EB1405DBFD} = {05B5AFA5-AEFE-4B2B-82B6-84EB1405DBFD}
	EndProjectSection
EndProject
Project("{8BC9CEB8-8B4A-11D0-8D11-00A0C91BC942}") = "preaprapp", "..\apr\build\preaprapp.vcproj", "{E6A3A6AF-E826-4948-BD35-2D10A2258F4A}"
	ProjectSection(ProjectDependencies) = postProject
		{899878F8-95E3-4786-996C-84B9B37300E7} = {899878F8-95E3-4786-996C-84B9B37300E7}
	EndProjectSection
EndProject
Project("{8BC9CEB8-8B4A-11D0-8D11-00A0C91BC942}") = "preapriconv", "..\apr-iconv\build\preapriconv.vcproj", "{5D322EA8-0572-4DFF-BF93-DB32C0A3A3C5}"
	ProjectSection(ProjectDependencies) = postProject
		{899878F8-95E3-4786-996C-84B9B37300E7} = {899878F8-95E3-4786-996C-84B9B37300E7}
	EndProjectSection
EndProject
Project("{8BC9CEB8-8B4A-11D0-8D11-00A0C91BC942}") = "preaprutil", "build\preaprutil.vcproj", "{5F8308D7-5427-49CA-92F7-14FB87F942B6}"
	ProjectSection(ProjectDependencies) = postProject
		{899878F8-95E3-4786-996C-84B9B37300E7} = {899878F8-95E3-4786-996C-84B9B37300E7}
		{2F0B5724-4792-4F98-BB08-9CF3C509755B} = {2F0B5724-4792-4F98-BB08-9CF3C509755B}
	EndProjectSection
EndProject
Project("{8BC9CEB8-8B4A-11D0-8D11-00A0C91BC942}") = "prelibaprapp", "..\apr\build\prelibaprapp.vcproj", "{004D0D1B-CC9B-46BB-B7FA-70651B22B32F}"
	ProjectSection(ProjectDependencies) = postProject
		{D798C81F-A240-4CA8-9892-9E213736BC19} = {D798C81F-A240-4CA8-9892-9E213736BC19}
	EndProjectSection
EndProject
Project("{8BC9CEB8-8B4A-11D0-8D11-00A0C91BC942}") = "xml", "xml\expat\lib\xml.vcproj", "{05B5AFA5-AEFE-4B2B-82B6-84EB1405DBFD}"
EndProject
Global
	GlobalSection(SolutionConfigurationPlatforms) = preSolution
		Debug|Win32 = Debug|Win32
		Debug|x64 = Debug|x64
		Debug9x|Win32 = Debug9x|Win32
		Debug9x|x64 = Debug9x|x64
		DebugNT|Win32 = DebugNT|Win32
		DebugNT|x64 = DebugNT|x64
		Release|Win32 = Release|Win32
		Release|x64 = Release|x64
		Release9x|Win32 = Release9x|Win32
		Release9x|x64 = Release9x|x64
		ReleaseNT|Win32 = ReleaseNT|Win32
		ReleaseNT|x64 = ReleaseNT|x64
	EndGlobalSection
	GlobalSection(ProjectConfigurationPlatforms) = postSolution
		{899878F8-95E3-4786-996C-84B9B37300E7}.Debug|Win32.ActiveCfg = Debug|Win32
		{899878F8-95E3-4786-996C-84B9B37300E7}.Debug|Win32.Build.0 = Debug|Win32
		{899878F8-95E3-4786-996C-84B9B37300E7}.Debug|x64.ActiveCfg = Debug|x64
		{899878F8-95E3-4786-996C-84B9B37300E7}.Debug|x64.Build.0 = Debug|x64
		{899878F8-95E3-4786-996C-84B9B37300E7}.Debug9x|Win32.ActiveCfg = Debug9x|Win32
		{899878F8-95E3-4786-996C-84B9B37300E7}.Debug9x|Win32.Build.0 = Debug9x|Win32
		{899878F8-95E3-4786-996C-84B9B37300E7}.Debug9x|x64.ActiveCfg = Debug9x|x64
		{899878F8-95E3-4786-996C-84B9B37300E7}.Debug9x|x64.Build.0 = Debug9x|x64
		{899878F8-95E3-4786-996C-84B9B37300E7}.DebugNT|Win32.ActiveCfg = Debug|Win32
		{899878F8-95E3-4786-996C-84B9B37300E7}.DebugNT|Win32.Build.0 = Debug|Win32
		{899878F8-95E3-4786-996C-84B9B37300E7}.DebugNT|x64.ActiveCfg = Debug|x64
		{899878F8-95E3-4786-996C-84B9B37300E7}.DebugNT|x64.Build.0 = Debug|x64
		{899878F8-95E3-4786-996C-84B9B37300E7}.Release|Win32.ActiveCfg = Release|Win32
		{899878F8-95E3-4786-996C-84B9B37300E7}.Release|Win32.Build.0 = Release|Win32
		{899878F8-95E3-4786-996C-84B9B37300E7}.Release|x64.ActiveCfg = Release|x64
		{899878F8-95E3-4786-996C-84B9B37300E7}.Release|x64.Build.0 = Release|x64
		{899878F8-95E3-4786-996C-84B9B37300E7}.Release9x|Win32.ActiveCfg = Release9x|Win32
		{899878F8-95E3-4786-996C-84B9B37300E7}.Release9x|Win32.Build.0 = Release9x|Win32
		{899878F8-95E3-4786-996C-84B9B37300E7}.Release9x|x64.ActiveCfg = Release9x|x64
		{899878F8-95E3-4786-996C-84B9B37300E7}.Release9x|x64.Build.0 = Release9x|x64
		{899878F8-95E3-4786-996C-84B9B37300E7}.ReleaseNT|Win32.ActiveCfg = Release9x|Win32
		{899878F8-95E3-4786-996C-84B9B37300E7}.ReleaseNT|Win32.Build.0 = Release9x|Win32
		{899878F8-95E3-4786-996C-84B9B37300E7}.ReleaseNT|x64.ActiveCfg = Release9x|x64
		{899878F8-95E3-4786-996C-84B9B37300E7}.ReleaseNT|x64.Build.0 = Release9x|x64
		{2F273149-0CAF-43E0-A67D-56DD83903772}.Debug|Win32.ActiveCfg = Debug|Win32
		{2F273149-0CAF-43E0-A67D-56DD83903772}.Debug|Win32.Build.0 = Debug|Win32
		{2F273149-0CAF-43E0-A67D-56DD83903772}.Debug|x64.ActiveCfg = Debug|x64
		{2F273149-0CAF-43E0-A67D-56DD83903772}.Debug|x64.Build.0 = Debug|x64
		{2F273149-0CAF-43E0-A67D-56DD83903772}.Debug9x|Win32.ActiveCfg = Debug|Win32
		{2F273149-0CAF-43E0-A67D-56DD83903772}.Debug9x|Win32.Build.0 = Debug|Win32
		{2F273149-0CAF-43E0-A67D-56DD83903772}.Debug9x|x64.ActiveCfg = Debug|x64
		{2F273149-0CAF-43E0-A67D-56DD83903772}.Debug9x|x64.Build.0 = Debug|x64
		{2F273149-0CAF-43E0-A67D-56DD83903772}.DebugNT|Win32.ActiveCfg = Debug|Win32
		{2F273149-0CAF-43E0-A67D-56DD83903772}.DebugNT|Win32.Build.0 = Debug|Win32
		{2F273149-0CAF-43E0-A67D-56DD83903772}.DebugNT|x64.ActiveCfg = Debug|x64
		{2F273149-0CAF-43E0-A67D-56DD83903772}.DebugNT|x64.Build.0 = Debug|x64
		{2F273149-0CAF-43E0-A67D-56DD83903772}.Release|Win32.ActiveCfg = Release|Win32
		{2F273149-0CAF-43E0-A67D-56DD83903772}.Release|Win32.Build.0 = Release|Win32
		{2F273149-0CAF-43E0-A67D-56DD83903772}.Release|x64.ActiveCfg = Release|x64
		{2F273149-0CAF-43E0-A67D-56DD83903772}.Release|x64.Build.0 = Release|x64
		{2F273149-0CAF-43E0-A67D-56DD83903772}.Release9x|Win32.ActiveCfg = Release|Win32
		{2F273149-0CAF-43E0-A67D-56DD83903772}.Release9x|Win32.Build.0 = Release|Win32
		{2F273149-0CAF-43E0-A67D-56DD83903772}.Release9x|x64.ActiveCfg = Release|x64
		{2F273149-0CAF-43E0-A67D-56DD83903772}.Release9x|x64.Build.0 = Release|x64
		{2F273149-0CAF-43E0-A67D-56DD83903772}.ReleaseNT|Win32.ActiveCfg = Release|Win32
		{2F273149-0CAF-43E0-A67D-56DD83903772}.ReleaseNT|Win32.Build.0 = Release|Win32
		{2F273149-0CAF-43E0-A67D-56DD83903772}.ReleaseNT|x64.ActiveCfg = Release|x64
		{2F273149-0CAF-43E0-A67D-56DD83903772}.ReleaseNT|x64.Build.0 = Release|x64
		{1894B6EA-D274-40AB-AA3E-247E2794B9C9}.Debug|Win32.ActiveCfg = Debug|Win32
		{1894B6EA-D274-40AB-AA3E-247E2794B9C9}.Debug|Win32.Build.0 = Debug|Win32
		{1894B6EA-D274-40AB-AA3E-247E2794B9C9}.Debug|x64.ActiveCfg = Debug|x64
		{1894B6EA-D274-40AB-AA3E-247E2794B9C9}.Debug|x64.Build.0 = Debug|x64
		{1894B6EA-D274-40AB-AA3E-247E2794B9C9}.Debug9x|Win32.ActiveCfg = Debug|Win32
		{1894B6EA-D274-40AB-AA3E-247E2794B9C9}.Debug9x|Win32.Build.0 = Debug|Win32
		{1894B6EA-D274-40AB-AA3E-247E2794B9C9}.Debug9x|x64.ActiveCfg = Debug|x64
		{1894B6EA-D274-40AB-AA3E-247E2794B9C9}.Debug9x|x64.Build.0 = Debug|x64
		{1894B6EA-D274-40AB-AA3E-247E2794B9C9}.DebugNT|Win32.ActiveCfg = Debug|Win32
		{1894B6EA-D274-40AB-AA3E-247E2794B9C9}.DebugNT|Win32.Build.0 = Debug|Win32
		{1894B6EA-D274-40AB-AA3E-247E2794B9C9}.DebugNT|x64.ActiveCfg = Debug|x64
		{1894B6EA-D274-40AB-AA3E-247E2794B9C9}.DebugNT|x64.Build.0 = Debug|x64
		{1894B6EA-D274-40AB-AA3E-247E2794B9C9}.Release|Win32.ActiveCfg = Release|Win32
		{1894B6EA-D274-40AB-AA3E-247E2794B9C9}.Release|Win32.Build.0 = Release|Win32
		{1894B6EA-D274-40AB-AA3E-247E2794B9C9}.Release|x64.ActiveCfg = Release|x64
		{1894B6EA-D274-40AB-AA3E-247E2794B9C9}.Release|x64.Build.0 = Release|x64
		{1894B6EA-D274-40AB-AA3E-247E2794B9C9}.Release9x|Win32.ActiveCfg = Release|Win32
		{1894B6EA-D274-40AB-AA3E-247E2794B9C9}.Release9x|Win32.Build.0 = Release|Win32
		{1894B6EA-D274-40AB-AA3E-247E2794B9C9}.Release9x|x64.ActiveCfg = Release|x64
		{1894B6EA-D274-40AB-AA3E-247E2794B9C9}.Release9x|x64.Build.0 = Release|x64
		{1894B6EA-D274-40AB-AA3E-247E2794B9C9}.ReleaseNT|Win32.ActiveCfg = Release|Win32
		{1894B6EA-D274-40AB-AA3E-247E2794B9C9}.ReleaseNT|Win32.Build.0 = Release|Win32
		{1894B6EA-D274-40AB-AA3E-247E2794B9C9}.ReleaseNT|x64.ActiveCfg = Release|x64
		{1894B6EA-D274-40AB-AA3E-247E2794B9C9}.ReleaseNT|x64.Build.0 = Release|x64
		{F8401A23-7899-413D-99F3-281BA7CCB7F7}.Debug|Win32.ActiveCfg = Debug|Win32
		{F8401A23-7899-413D-99F3-281BA7CCB7F7}.Debug|Win32.Build.0 = Debug|Win32
		{F8401A23-7899-413D-99F3-281BA7CCB7F7}.Debug|x64.ActiveCfg = Debug|x64
		{F8401A23-7899-413D-99F3-281BA7CCB7F7}.Debug|x64.Build.0 = Debug|x64
		{F8401A23-7899-413D-99F3-281BA7CCB7F7}.Debug9x|Win32.ActiveCfg = Debug|Win32
		{F8401A23-7899-413D-99F3-281BA7CCB7F7}.Debug9x|Win32.Build.0 = Debug|Win32
		{F8401A23-7899-413D-99F3-281BA7CCB7F7}.Debug9x|x64.ActiveCfg = Debug|x64
		{F8401A23-7899-413D-99F3-281BA7CCB7F7}.Debug9x|x64.Build.0 = Debug|x64
		{F8401A23-7899-413D-99F3-281BA7CCB7F7}.DebugNT|Win32.ActiveCfg = Debug|Win32
		{F8401A23-7899-413D-99F3-281BA7CCB7F7}.DebugNT|Win32.Build.0 = Debug|Win32
		{F8401A23-7899-413D-99F3-281BA7CCB7F7}.DebugNT|x64.ActiveCfg = Debug|x64
		{F8401A23-7899-413D-99F3-281BA7CCB7F7}.DebugNT|x64.Build.0 = Debug|x64
		{F8401A23-7899-413D-99F3-281BA7CCB7F7}.Release|Win32.ActiveCfg = Release|Win32
		{F8401A23-7899-413D-99F3-281BA7CCB7F7}.Release|Win32.Build.0 = Release|Win32
		{F8401A23-7899-413D-99F3-281BA7CCB7F7}.Release|x64.ActiveCfg = Release|x64
		{F8401A23-7899-413D-99F3-281BA7CCB7F7}.Release|x64.Build.0 = Release|x64
		{F8401A23-7899-413D-99F3-281BA7CCB7F7}.Release9x|Win32.ActiveCfg = Release|Win32
		{F8401A23-7899-413D-99F3-281BA7CCB7F7}.Release9x|Win32.Build.0 = Release|Win32
		{F8401A23-7899-413D-99F3-281BA7CCB7F7}.Release9x|x64.ActiveCfg = Release|x64
		{F8401A23-7899-413D-99F3-281BA7CCB7F7}.Release9x|x64.Build.0 = Release|x64
		{F8401A23-7899-413D-99F3-281BA7CCB7F7}.ReleaseNT|Win32.ActiveCfg = Release|Win32
		{F8401A23-7899-413D-99F3-281BA7CCB7F7}.ReleaseNT|Win32.Build.0 = Release|Win32
		{F8401A23-7899-413D-99F3-281BA7CCB7F7}.ReleaseNT|x64.ActiveCfg = Release|x64
		{F8401A23-7899-413D-99F3-281BA7CCB7F7}.ReleaseNT|x64.Build.0 = Release|x64
		{1054D9D6-7E63-4253-8C9C-20B97A2C3DB5}.Debug|Win32.ActiveCfg = Debug|Win32
		{1054D9D6-7E63-4253-8C9C-20B97A2C3DB5}.Debug|Win32.Build.0 = Debug|Win32
		{1054D9D6-7E63-4253-8C9C-20B97A2C3DB5}.Debug|x64.ActiveCfg = Debug|x64
		{1054D9D6-7E63-4253-8C9C-20B97A2C3DB5}.Debug|x64.Build.0 = Debug|x64
		{1054D9D6-7E63-4253-8C9C-20B97A2C3DB5}.Debug9x|Win32.ActiveCfg = Debug|Win32
		{1054D9D6-7E63-4253-8C9C-20B97A2C3DB5}.Debug9x|Win32.Build.0 = Debug|Win32
		{1054D9D6-7E63-4253-8C9C-20B97A2C3DB5}.Debug9x|x64.ActiveCfg = Debug|x64
		{1054D9D6-7E63-4253-8C9C-20B97A2C3DB5}.Debug9x|x64.Build.0 = Debug|x64
		{1054D9D6-7E63-4253-8C9C-20B97A2C3DB5}.DebugNT|Win32.ActiveCfg = Debug|Win32
		{1054D9D6-7E63-4253-8C9C-20B97A2C3DB5}.DebugNT|Win32.Build.0 = Debug|Win32
		{1054D9D6-7E63-4253-8C9C-20B97A2C3DB5}.DebugNT|x64.ActiveCfg = Debug|x64
		{1054D9D6-7E63-4253-8C9C-20B97A2C3DB5}.DebugNT|x64.Build.0 = Debug|x64
		{1054D9D6-7E63-4253-8C9C-20B97A2C3DB5}.Release|Win32.ActiveCfg = Release|Win32
		{1054D9D6-7E63-4253-8C9C-20B97A2C3DB5}.Release|Win32.Build.0 = Release|Win32
		{1054D9D6-7E63-4253-8C9C-20B97A2C3DB5}.Release|x64.ActiveCfg = Release|x64
		{1054D9D6-7E63-4253-8C9C-20B97A2C3DB5}.Release|x64.Build.0 = Release|x64
		{1054D9D6-7E63-4253-8C9C-20B97A2C3DB5}.Release9x|Win32.ActiveCfg = Release|Win32
		{1054D9D6-7E63-4253-8C9C-20B97A2C3DB5}.Release9x|Win32.Build.0 = Release|Win32
		{1054D9D6-7E63-4253-8C9C-20B97A2C3DB5}.Release9x|x64.ActiveCfg = Release|x64
		{1054D9D6-7E63-4253-8C9C-20B97A2C3DB5}.Release9x|x64.Build.0 = Release|x64
		{1054D9D6-7E63-4253-8C9C-20B97A2C3DB5}.ReleaseNT|Win32.ActiveCfg = Release|Win32
		{1054D9D6-7E63-4253-8C9C-20B97A2C3DB5}.ReleaseNT|Win32.Build.0 = Release|Win32
		{1054D9D6-7E63-4253-8C9C-20B97A2C3DB5}.ReleaseNT|x64.ActiveCfg = Release|x64
		{1054D9D6-7E63-4253-8C9C-20B97A2C3DB5}.ReleaseNT|x64.Build.0 = Release|x64
		{A6D3600E-ADE5-4612-9AFE-35ABF1A86C42}.Debug|Win32.ActiveCfg = Debug|Win32
		{A6D3600E-ADE5-4612-9AFE-35ABF1A86C42}.Debug|Win32.Build.0 = Debug|Win32
		{A6D3600E-ADE5-4612-9AFE-35ABF1A86C42}.Debug|x64.ActiveCfg = Debug|x64
		{A6D3600E-ADE5-4612-9AFE-35ABF1A86C42}.Debug|x64.Build.0 = Debug|x64
		{A6D3600E-ADE5-4612-9AFE-35ABF1A86C42}.Debug9x|Win32.ActiveCfg = Debug|Win32
		{A6D3600E-ADE5-4612-9AFE-35ABF1A86C42}.Debug9x|Win32.Build.0 = Debug|Win32
		{A6D3600E-ADE5-4612-9AFE-35ABF1A86C42}.Debug9x|x64.ActiveCfg = Debug|x64
		{A6D3600E-ADE5-4612-9AFE-35ABF1A86C42}.Debug9x|x64.Build.0 = Debug|x64
		{A6D3600E-ADE5-4612-9AFE-35ABF1A86C42}.DebugNT|Win32.ActiveCfg = Debug|Win32
		{A6D3600E-ADE5-4612-9AFE-35ABF1A86C42}.DebugNT|Win32.Build.0 = Debug|Win32
		{A6D3600E-ADE5-4612-9AFE-35ABF1A86C42}.DebugNT|x64.ActiveCfg = Debug|x64
		{A6D3600E-ADE5-4612-9AFE-35ABF1A86C42}.DebugNT|x64.Build.0 = Debug|x64
		{A6D3600E-ADE5-4612-9AFE-35ABF1A86C42}.Release|Win32.ActiveCfg = Release|Win32
		{A6D3600E-ADE5-4612-9AFE-35ABF1A86C42}.Release|Win32.Build.0 = Release|Win32
		{A6D3600E-ADE5-4612-9AFE-35ABF1A86C42}.Release|x64.ActiveCfg = Release|x64
		{A6D3600E-ADE5-4612-9AFE-35ABF1A86C42}.Release|x64.Build.0 = Release|x64
		{A6D3600E-ADE5-4612-9AFE-35ABF1A86C42}.Release9x|Win32.ActiveCfg = Release|Win32
		{A6D3600E-ADE5-4612-9AFE-35ABF1A86C42}.Release9x|Win32.Build.0 = Release|Win32
		{A6D3600E-ADE5-4612-9AFE-35ABF1A86C42}.Release9x|x64.ActiveCfg = Release|x64
		{A6D3600E-ADE5-4612-9AFE-35ABF1A86C42}.Release9x|x64.Build.0 = Release|x64
		{A6D3600E-ADE5-4612-9AFE-35ABF1A86C42}.ReleaseNT|Win32.ActiveCfg = Release|Win32
		{A6D3600E-ADE5-4612-9AFE-35ABF1A86C42}.ReleaseNT|Win32.Build.0 = Release|Win32
		{A6D3600E-ADE5-4612-9AFE-35ABF1A86C42}.ReleaseNT|x64.ActiveCfg = Release|x64
		{A6D3600E-ADE5-4612-9AFE-35ABF1A86C42}.ReleaseNT|x64.Build.0 = Release|x64
		{D093E46E-1AF1-4FC1-91B1-AD25317E6E95}.Debug|Win32.ActiveCfg = Debug|Win32
		{D093E46E-1AF1-4FC1-91B1-AD25317E6E95}.Debug|Win32.Build.0 = Debug|Win32
		{D093E46E-1AF1-4FC1-91B1-AD25317E6E95}.Debug|x64.ActiveCfg = Debug|x64
		{D093E46E-1AF1-4FC1-91B1-AD25317E6E95}.Debug|x64.Build.0 = Debug|x64
		{D093E46E-1AF1-4FC1-91B1-AD25317E6E95}.Debug9x|Win32.ActiveCfg = Debug|Win32
		{D093E46E-1AF1-4FC1-91B1-AD25317E6E95}.Debug9x|Win32.Build.0 = Debug|Win32
		{D093E46E-1AF1-4FC1-91B1-AD25317E6E95}.Debug9x|x64.ActiveCfg = Debug|x64
		{D093E46E-1AF1-4FC1-91B1-AD25317E6E95}.Debug9x|x64.Build.0 = Debug|x64
		{D093E46E-1AF1-4FC1-91B1-AD25317E6E95}.DebugNT|Win32.ActiveCfg = Debug|Win32
		{D093E46E-1AF1-4FC1-91B1-AD25317E6E95}.DebugNT|Win32.Build.0 = Debug|Win32
		{D093E46E-1AF1-4FC1-91B1-AD25317E6E95}.DebugNT|x64.ActiveCfg = Debug|x64
		{D093E46E-1AF1-4FC1-91B1-AD25317E6E95}.DebugNT|x64.Build.0 = Debug|x64
		{D093E46E-1AF1-4FC1-91B1-AD25317E6E95}.Release|Win32.ActiveCfg = Release|Win32
		{D093E46E-1AF1-4FC1-91B1-AD25317E6E95}.Release|Win32.Build.0 = Release|Win32
		{D093E46E-1AF1-4FC1-91B1-AD25317E6E95}.Release|x64.ActiveCfg = Release|x64
		{D093E46E-1AF1-4FC1-91B1-AD25317E6E95}.Release|x64.Build.0 = Release|x64
		{D093E46E-1AF1-4FC1-91B1-AD25317E6E95}.Release9x|Win32.ActiveCfg = Release|Win32
		{D093E46E-1AF1-4FC1-91B1-AD25317E6E95}.Release9x|Win32.Build.0 = Release|Win32
		{D093E46E-1AF1-4FC1-91B1-AD25317E6E95}.Release9x|x64.ActiveCfg = Release|x64
		{D093E46E-1AF1-4FC1-91B1-AD25317E6E95}.Release9x|x64.Build.0 = Release|x64
		{D093E46E-1AF1-4FC1-91B1-AD25317E6E95}.ReleaseNT|Win32.ActiveCfg = Release|Win32
		{D093E46E-1AF1-4FC1-91B1-AD25317E6E95}.ReleaseNT|Win32.Build.0 = Release|Win32
		{D093E46E-1AF1-4FC1-91B1-AD25317E6E95}.ReleaseNT|x64.ActiveCfg = Release|x64
		{D093E46E-1AF1-4FC1-91B1-AD25317E6E95}.ReleaseNT|x64.Build.0 = Release|x64
		{A8F79DC5-4AB4-4463-8209-1E3B9B6B8149}.Debug|Win32.ActiveCfg = Debug|Win32
		{A8F79DC5-4AB4-4463-8209-1E3B9B6B8149}.Debug|Win32.Build.0 = Debug|Win32
		{A8F79DC5-4AB4-4463-8209-1E3B9B6B8149}.Debug|x64.ActiveCfg = Debug|x64
		{A8F79DC5-4AB4-4463-8209-1E3B9B6B8149}.Debug|x64.Build.0 = Debug|x64
		{A8F79DC5-4AB4-4463-8209-1E3B9B6B8149}.Debug9x|Win32.ActiveCfg = Debug|Win32
		{A8F79DC5-4AB4-4463-8209-1E3B9B6B8149}.Debug9x|Win32.Build.0 = Debug|Win32
		{A8F79DC5-4AB4-4463-8209-1E3B9B6B8149}.Debug9x|x64.ActiveCfg = Debug|x64
		{A8F79DC5-4AB4-4463-8209-1E3B9B6B8149}.Debug9x|x64.Build.0 = Debug|x64
		{A8F79DC5-4AB4-4463-8209-1E3B9B6B8149}.DebugNT|Win32.ActiveCfg = Debug|Win32
		{A8F79DC5-4AB4-4463-8209-1E3B9B6B8149}.DebugNT|Win32.Build.0 = Debug|Win32
		{A8F79DC5-4AB4-4463-8209-1E3B9B6B8149}.DebugNT|x64.ActiveCfg = Debug|x64
		{A8F79DC5-4AB4-4463-8209-1E3B9B6B8149}.DebugNT|x64.Build.0 = Debug|x64
		{A8F79DC5-4AB4-4463-8209-1E3B9B6B8149}.Release|Win32.ActiveCfg = Release|Win32
		{A8F79DC5-4AB4-4463-8209-1E3B9B6B8149}.Release|Win32.Build.0 = Release|Win32
		{A8F79DC5-4AB4-4463-8209-1E3B9B6B8149}.Release|x64.ActiveCfg = Release|x64
		{A8F79DC5-4AB4-4463-8209-1E3B9B6B8149}.Release|x64.Build.0 = Release|x64
		{A8F79DC5-4AB4-4463-8209-1E3B9B6B8149}.Release9x|Win32.ActiveCfg = Release|Win32
		{A8F79DC5-4AB4-4463-8209-1E3B9B6B8149}.Release9x|Win32.Build.0 = Release|Win32
		{A8F79DC5-4AB4-4463-8209-1E3B9B6B8149}.Release9x|x64.ActiveCfg = Release|x64
		{A8F79DC5-4AB4-4463-8209-1E3B9B6B8149}.Release9x|x64.Build.0 = Release|x64
		{A8F79DC5-4AB4-4463-8209-1E3B9B6B8149}.ReleaseNT|Win32.ActiveCfg = Release|Win32
		{A8F79DC5-4AB4-4463-8209-1E3B9B6B8149}.ReleaseNT|Win32.Build.0 = Release|Win32
		{A8F79DC5-4AB4-4463-8209-1E3B9B6B8149}.ReleaseNT|x64.ActiveCfg = Release|x64
		{A8F79DC5-4AB4-4463-8209-1E3B9B6B8149}.ReleaseNT|x64.Build.0 = Release|x64
		{C8F65F68-C1B0-4654-848F-262B9E1781EF}.Debug|Win32.ActiveCfg = Debug|Win32
		{C8F65F68-C1B0-4654-848F-262B9E1781EF}.Debug|Win32.Build.0 = Debug|Win32
		{C8F65F68-C1B0-4654-848F-262B9E1781EF}.Debug|x64.ActiveCfg = Debug|x64
		{C8F65F68-C1B0-4654-848F-262B9E1781EF}.Debug|x64.Build.0 = Debug|x64
		{C8F65F68-C1B0-4654-848F-262B9E1781EF}.Debug9x|Win32.ActiveCfg = Debug|Win32
		{C8F65F68-C1B0-4654-848F-262B9E1781EF}.Debug9x|Win32.Build.0 = Debug|Win32
		{C8F65F68-C1B0-4654-848F-262B9E1781EF}.Debug9x|x64.ActiveCfg = Debug|x64
		{C8F65F68-C1B0-4654-848F-262B9E1781EF}.Debug9x|x64.Build.0 = Debug|x64
		{C8F65F68-C1B0-4654-848F-262B9E1781EF}.DebugNT|Win32.ActiveCfg = Debug|Win32
		{C8F65F68-C1B0-4654-848F-262B9E1781EF}.DebugNT|Win32.Build.0 = Debug|Win32
		{C8F65F68-C1B0-4654-848F-262B9E1781EF}.DebugNT|x64.ActiveCfg = Debug|x64
		{C8F65F68-C1B0-4654-848F-262B9E1781EF}.DebugNT|x64.Build.0 = Debug|x64
		{C8F65F68-C1B0-4654-848F-262B9E1781EF}.Release|Win32.ActiveCfg = Release|Win32
		{C8F65F68-C1B0-4654-848F-262B9E1781EF}.Release|Win32.Build.0 = Release|Win32
		{C8F65F68-C1B0-4654-848F-262B9E1781EF}.Release|x64.ActiveCfg = Release|x64
		{C8F65F68-C1B0-4654-848F-262B9E1781EF}.Release|x64.Build.0 = Release|x64
		{C8F65F68-C1B0-4654-848F-262B9E1781EF}.Release9x|Win32.ActiveCfg = Release|Win32
		{C8F65F68-C1B0-4654-848F-262B9E1781EF}.Release9x|Win32.Build.0 = Release|Win32
		{C8F65F68-C1B0-4654-848F-262B9E1781EF}.Release9x|x64.ActiveCfg = Release|x64
		{C8F65F68-C1B0-4654-848F-262B9E1781EF}.Release9x|x64.Build.0 = Release|x64
		{C8F65F68-C1B0-4654-848F-262B9E1781EF}.ReleaseNT|Win32.ActiveCfg = Release|Win32
		{C8F65F68-C1B0-4654-848F-262B9E1781EF}.ReleaseNT|Win32.Build.0 = Release|Win32
		{C8F65F68-C1B0-4654-848F-262B9E1781EF}.ReleaseNT|x64.ActiveCfg = Release|x64
		{C8F65F68-C1B0-4654-848F-262B9E1781EF}.ReleaseNT|x64.Build.0 = Release|x64
		{6F80FAA1-9B97-4ED4-82F8-5D9E70A27555}.Debug|Win32.ActiveCfg = Debug|Win32
		{6F80FAA1-9B97-4ED4-82F8-5D9E70A27555}.Debug|Win32.Build.0 = Debug|Win32
		{6F80FAA1-9B97-4ED4-82F8-5D9E70A27555}.Debug|x64.ActiveCfg = Debug|x64
		{6F80FAA1-9B97-4ED4-82F8-5D9E70A27555}.Debug|x64.Build.0 = Debug|x64
		{6F80FAA1-9B97-4ED4-82F8-5D9E70A27555}.Debug9x|Win32.ActiveCfg = Debug|Win32
		{6F80FAA1-9B97-4ED4-82F8-5D9E70A27555}.Debug9x|Win32.Build.0 = Debug|Win32
		{6F80FAA1-9B97-4ED4-82F8-5D9E70A27555}.Debug9x|x64.ActiveCfg = Debug|x64
		{6F80FAA1-9B97-4ED4-82F8-5D9E70A27555}.Debug9x|x64.Build.0 = Debug|x64
		{6F80FAA1-9B97-4ED4-82F8-5D9E70A27555}.DebugNT|Win32.ActiveCfg = Debug|Win32
		{6F80FAA1-9B97-4ED4-82F8-5D9E70A27555}.DebugNT|Win32.Build.0 = Debug|Win32
		{6F80FAA1-9B97-4ED4-82F8-5D9E70A27555}.DebugNT|x64.ActiveCfg = Debug|x64
		{6F80FAA1-9B97-4ED4-82F8-5D9E70A27555}.DebugNT|x64.Build.0 = Debug|x64
		{6F80FAA1-9B97-4ED4-82F8-5D9E70A27555}.Release|Win32.ActiveCfg = Release|Win32
		{6F80FAA1-9B97-4ED4-82F8-5D9E70A27555}.Release|Win32.Build.0 = Release|Win32
		{6F80FAA1-9B97-4ED4-82F8-5D9E70A27555}.Release|x64.ActiveCfg = Release|x64
		{6F80FAA1-9B97-4ED4-82F8-5D9E70A27555}.Release|x64.Build.0 = Release|x64
		{6F80FAA1-9B97-4ED4-82F8-5D9E70A27555}.Release9x|Win32.ActiveCfg = Release|Win32
		{6F80FAA1-9B97-4ED4-82F8-5D9E70A27555}.Release9x|Win32.Build.0 = Release|Win32
		{6F80FAA1-9B97-4ED4-82F8-5D9E70A27555}.Release9x|x64.ActiveCfg = Release|x64
		{6F80FAA1-9B97-4ED4-82F8-5D9E70A27555}.Release9x|x64.Build.0 = Release|x64
		{6F80FAA1-9B97-4ED4-82F8-5D9E70A27555}.ReleaseNT|Win32.ActiveCfg = Release|Win32
		{6F80FAA1-9B97-4ED4-82F8-5D9E70A27555}.ReleaseNT|Win32.Build.0 = Release|Win32
		{6F80FAA1-9B97-4ED4-82F8-5D9E70A27555}.ReleaseNT|x64.ActiveCfg = Release|x64
		{6F80FAA1-9B97-4ED4-82F8-5D9E70A27555}.ReleaseNT|x64.Build.0 = Release|x64
		{D5DE9F00-87B6-4AB2-B9D0-CB9D8F1BE7F7}.Debug|Win32.ActiveCfg = Debug|Win32
		{D5DE9F00-87B6-4AB2-B9D0-CB9D8F1BE7F7}.Debug|Win32.Build.0 = Debug|Win32
		{D5DE9F00-87B6-4AB2-B9D0-CB9D8F1BE7F7}.Debug|x64.ActiveCfg = Debug|x64
		{D5DE9F00-87B6-4AB2-B9D0-CB9D8F1BE7F7}.Debug|x64.Build.0 = Debug|x64
		{D5DE9F00-87B6-4AB2-B9D0-CB9D8F1BE7F7}.Debug9x|Win32.ActiveCfg = Debug|Win32
		{D5DE9F00-87B6-4AB2-B9D0-CB9D8F1BE7F7}.Debug9x|Win32.Build.0 = Debug|Win32
		{D5DE9F00-87B6-4AB2-B9D0-CB9D8F1BE7F7}.Debug9x|x64.ActiveCfg = Debug|x64
		{D5DE9F00-87B6-4AB2-B9D0-CB9D8F1BE7F7}.Debug9x|x64.Build.0 = Debug|x64
		{D5DE9F00-87B6-4AB2-B9D0-CB9D8F1BE7F7}.DebugNT|Win32.ActiveCfg = Debug|Win32
		{D5DE9F00-87B6-4AB2-B9D0-CB9D8F1BE7F7}.DebugNT|Win32.Build.0 = Debug|Win32
		{D5DE9F00-87B6-4AB2-B9D0-CB9D8F1BE7F7}.DebugNT|x64.ActiveCfg = Debug|x64
		{D5DE9F00-87B6-4AB2-B9D0-CB9D8F1BE7F7}.DebugNT|x64.Build.0 = Debug|x64
		{D5DE9F00-87B6-4AB2-B9D0-CB9D8F1BE7F7}.Release|Win32.ActiveCfg = Release|Win32
		{D5DE9F00-87B6-4AB2-B9D0-CB9D8F1BE7F7}.Release|Win32.Build.0 = Release|Win32
		{D5DE9F00-87B6-4AB2-B9D0-CB9D8F1BE7F7}.Release|x64.ActiveCfg = Release|x64
		{D5DE9F00-87B6-4AB2-B9D0-CB9D8F1BE7F7}.Release|x64.Build.0 = Release|x64
		{D5DE9F00-87B6-4AB2-B9D0-CB9D8F1BE7F7}.Release9x|Win32.ActiveCfg = Release|Win32
		{D5DE9F00-87B6-4AB2-B9D0-CB9D8F1BE7F7}.Release9x|Win32.Build.0 = Release|Win32
		{D5DE9F00-87B6-4AB2-B9D0-CB9D8F1BE7F7}.Release9x|x64.ActiveCfg = Release|x64
		{D5DE9F00-87B6-4AB2-B9D0-CB9D8F1BE7F7}.Release9x|x64.Build.0 = Release|x64
		{D5DE9F00-87B6-4AB2-B9D0-CB9D8F1BE7F7}.ReleaseNT|Win32.ActiveCfg = Release|Win32
		{D5DE9F00-87B6-4AB2-B9D0-CB9D8F1BE7F7}.ReleaseNT|Win32.Build.0 = Release|Win32
		{D5DE9F00-87B6-4AB2-B9D0-CB9D8F1BE7F7}.ReleaseNT|x64.ActiveCfg = Release|x64
		{D5DE9F00-87B6-4AB2-B9D0-CB9D8F1BE7F7}.ReleaseNT|x64.Build.0 = Release|x64
		{841ADA62-F01E-44C7-8C88-D4F2EE10AAED}.Debug|Win32.ActiveCfg = Debug|Win32
		{841ADA62-F01E-44C7-8C88-D4F2EE10AAED}.Debug|Win32.Build.0 = Debug|Win32
		{841ADA62-F01E-44C7-8C88-D4F2EE10AAED}.Debug|x64.ActiveCfg = Debug|x64
		{841ADA62-F01E-44C7-8C88-D4F2EE10AAED}.Debug|x64.Build.0 = Debug|x64
		{841ADA62-F01E-44C7-8C88-D4F2EE10AAED}.Debug9x|Win32.ActiveCfg = Debug|Win32
		{841ADA62-F01E-44C7-8C88-D4F2EE10AAED}.Debug9x|Win32.Build.0 = Debug|Win32
		{841ADA62-F01E-44C7-8C88-D4F2EE10AAED}.Debug9x|x64.ActiveCfg = Debug|x64
		{841ADA62-F01E-44C7-8C88-D4F2EE10AAED}.Debug9x|x64.Build.0 = Debug|x64
		{841ADA62-F01E-44C7-8C88-D4F2EE10AAED}.DebugNT|Win32.ActiveCfg = Debug|Win32
		{841ADA62-F01E-44C7-8C88-D4F2EE10AAED}.DebugNT|Win32.Build.0 = Debug|Win32
		{841ADA62-F01E-44C7-8C88-D4F2EE10AAED}.DebugNT|x64.ActiveCfg = Debug|x64
		{841ADA62-F01E-44C7-8C88-D4F2EE10AAED}.DebugNT|x64.Build.0 = Debug|x64
		{841ADA62-F01E-44C7-8C88-D4F2EE10AAED}.Release|Win32.ActiveCfg = Release|Win32
		{841ADA62-F01E-44C7-8C88-D4F2EE10AAED}.Release|Win32.Build.0 = Release|Win32
		{841ADA62-F01E-44C7-8C88-D4F2EE10AAED}.Release|x64.ActiveCfg = Release|x64
		{841ADA62-F01E-44C7-8C88-D4F2EE10AAED}.Release|x64.Build.0 = Release|x64
		{841ADA62-F01E-44C7-8C88-D4F2EE10AAED}.Release9x|Win32.ActiveCfg = Release|Win32
		{841ADA62-F01E-44C7-8C88-D4F2EE10AAED}.Release9x|Win32.Build.0 = Release|Win32
		{841ADA62-F01E-44C7-8C88-D4F2EE10AAED}.Release9x|x64.ActiveCfg = Release|x64
		{841ADA62-F01E-44C7-8C88-D4F2EE10AAED}.Release9x|x64.Build.0 = Release|x64
		{841ADA62-F01E-44C7-8C88-D4F2EE10AAED}.ReleaseNT|Win32.ActiveCfg = Release|Win32
		{841ADA62-F01E-44C7-8C88-D4F2EE10AAED}.ReleaseNT|Win32.Build.0 = Release|Win32
		{841ADA62-F01E-44C7-8C88-D4F2EE10AAED}.ReleaseNT|x64.ActiveCfg = Release|x64
		{841ADA62-F01E-44C7-8C88-D4F2EE10AAED}.ReleaseNT|x64.Build.0 = Release|x64
		{EC388266-6BF2-408E-B3E6-AF226882E9CA}.Debug|Win32.ActiveCfg = Debug|Win32
		{EC388266-6BF2-408E-B3E6-AF226882E9CA}.Debug|Win32.Build.0 = Debug|Win32
		{EC388266-6BF2-408E-B3E6-AF226882E9CA}.Debug|x64.ActiveCfg = Debug|x64
		{EC388266-6BF2-408E-B3E6-AF226882E9CA}.Debug|x64.Build.0 = Debug|x64
		{EC388266-6BF2-408E-B3E6-AF226882E9CA}.Debug9x|Win32.ActiveCfg = Debug|Win32
		{EC388266-6BF2-408E-B3E6-AF226882E9CA}.Debug9x|Win32.Build.0 = Debug|Win32
		{EC388266-6BF2-408E-B3E6-AF226882E9CA}.Debug9x|x64.ActiveCfg = Debug|x64
		{EC388266-6BF2-408E-B3E6-AF226882E9CA}.Debug9x|x64.Build.0 = Debug|x64
		{EC388266-6BF2-408E-B3E6-AF226882E9CA}.DebugNT|Win32.ActiveCfg = Debug|Win32
		{EC388266-6BF2-408E-B3E6-AF226882E9CA}.DebugNT|Win32.Build.0 = Debug|Win32
		{EC388266-6BF2-408E-B3E6-AF226882E9CA}.DebugNT|x64.ActiveCfg = Debug|x64
		{EC388266-6BF2-408E-B3E6-AF226882E9CA}.DebugNT|x64.Build.0 = Debug|x64
		{EC388266-6BF2-408E-B3E6-AF226882E9CA}.Release|Win32.ActiveCfg = Release|Win32
		{EC388266-6BF2-408E-B3E6-AF226882E9CA}.Release|Win32.Build.0 = Release|Win32
		{EC388266-6BF2-408E-B3E6-AF226882E9CA}.Release|x64.ActiveCfg = Release|x64
		{EC388266-6BF2-408E-B3E6-AF226882E9CA}.Release|x64.Build.0 = Release|x64
		{EC388266-6BF2-408E-B3E6-AF226882E9CA}.Release9x|Win32.ActiveCfg = Release|Win32
		{EC388266-6BF2-408E-B3E6-AF226882E9CA}.Release9x|Win32.Build.0 = Release|Win32
		{EC388266-6BF2-408E-B3E6-AF226882E9CA}.Release9x|x64.ActiveCfg = Release|x64
		{EC388266-6BF2-408E-B3E6-AF226882E9CA}.Release9x|x64.Build.0 = Release|x64
		{EC388266-6BF2-408E-B3E6-AF226882E9CA}.ReleaseNT|Win32.ActiveCfg = Release|Win32
		{EC388266-6BF2-408E-B3E6-AF226882E9CA}.ReleaseNT|Win32.Build.0 = Release|Win32
		{EC388266-6BF2-408E-B3E6-AF226882E9CA}.ReleaseNT|x64.ActiveCfg = Release|x64
		{EC388266-6BF2-408E-B3E6-AF226882E9CA}.ReleaseNT|x64.Build.0 = Release|x64
		{2F0B5724-4792-4F98-BB08-9CF3C509755B}.Debug|Win32.ActiveCfg = Debug|Win32
		{2F0B5724-4792-4F98-BB08-9CF3C509755B}.Debug|Win32.Build.0 = Debug|Win32
		{2F0B5724-4792-4F98-BB08-9CF3C509755B}.Debug|x64.ActiveCfg = Debug|x64
		{2F0B5724-4792-4F98-BB08-9CF3C509755B}.Debug|x64.Build.0 = Debug|x64
		{2F0B5724-4792-4F98-BB08-9CF3C509755B}.Debug9x|Win32.ActiveCfg = Debug9x|Win32
		{2F0B5724-4792-4F98-BB08-9CF3C509755B}.Debug9x|Win32.Build.0 = Debug9x|Win32
		{2F0B5724-4792-4F98-BB08-9CF3C509755B}.Debug9x|x64.ActiveCfg = Debug9x|x64
		{2F0B5724-4792-4F98-BB08-9CF3C509755B}.Debug9x|x64.Build.0 = Debug9x|x64
		{2F0B5724-4792-4F98-BB08-9CF3C509755B}.DebugNT|Win32.ActiveCfg = Debug|Win32
		{2F0B5724-4792-4F98-BB08-9CF3C509755B}.DebugNT|Win32.Build.0 = Debug|Win32
		{2F0B5724-4792-4F98-BB08-9CF3C509755B}.DebugNT|x64.ActiveCfg = Debug|x64
		{2F0B5724-4792-4F98-BB08-9CF3C509755B}.DebugNT|x64.Build.0 = Debug|x64
		{2F0B5724-4792-4F98-BB08-9CF3C509755B}.Release|Win32.ActiveCfg = Release|Win32
		{2F0B5724-4792-4F98-BB08-9CF3C509755B}.Release|Win32.Build.0 = Release|Win32
		{2F0B5724-4792-4F98-BB08-9CF3C509755B}.Release|x64.ActiveCfg = Release|x64
		{2F0B5724-4792-4F98-BB08-9CF3C509755B}.Release|x64.Build.0 = Release|x64
		{2F0B5724-4792-4F98-BB08-9CF3C509755B}.Release9x|Win32.ActiveCfg = Release9x|Win32
		{2F0B5724-4792-4F98-BB08-9CF3C509755B}.Release9x|Win32.Build.0 = Release9x|Win32
		{2F0B5724-4792-4F98-BB08-9CF3C509755B}.Release9x|x64.ActiveCfg = Release9x|x64
		{2F0B5724-4792-4F98-BB08-9CF3C509755B}.Release9x|x64.Build.0 = Release9x|x64
		{2F0B5724-4792-4F98-BB08-9CF3C509755B}.ReleaseNT|Win32.ActiveCfg = Release|Win32
		{2F0B5724-4792-4F98-BB08-9CF3C509755B}.ReleaseNT|Win32.Build.0 = Release|Win32
		{2F0B5724-4792-4F98-BB08-9CF3C509755B}.ReleaseNT|x64.ActiveCfg = Release|x64
		{2F0B5724-4792-4F98-BB08-9CF3C509755B}.ReleaseNT|x64.Build.0 = Release|x64
		{375589BA-F861-47F7-A632-230AC7A7EE24}.Debug|Win32.ActiveCfg = Debug|Win32
		{375589BA-F861-47F7-A632-230AC7A7EE24}.Debug|Win32.Build.0 = Debug|Win32
		{375589BA-F861-47F7-A632-230AC7A7EE24}.Debug|x64.ActiveCfg = Debug|x64
		{375589BA-F861-47F7-A632-230AC7A7EE24}.Debug|x64.Build.0 = Debug|x64
		{375589BA-F861-47F7-A632-230AC7A7EE24}.Debug9x|Win32.ActiveCfg = Debug|Win32
		{375589BA-F861-47F7-A632-230AC7A7EE24}.Debug9x|Win32.Build.0 = Debug|Win32
		{375589BA-F861-47F7-A632-230AC7A7EE24}.Debug9x|x64.ActiveCfg = Debug|x64
		{375589BA-F861-47F7-A632-230AC7A7EE24}.Debug9x|x64.Build.0 = Debug|x64
		{375589BA-F861-47F7-A632-230AC7A7EE24}.DebugNT|Win32.ActiveCfg = Debug|Win32
		{375589BA-F861-47F7-A632-230AC7A7EE24}.DebugNT|Win32.Build.0 = Debug|Win32
		{375589BA-F861-47F7-A632-230AC7A7EE24}.DebugNT|x64.ActiveCfg = Debug|x64
		{375589BA-F861-47F7-A632-230AC7A7EE24}.DebugNT|x64.Build.0 = Debug|x64
		{375589BA-F861-47F7-A632-230AC7A7EE24}.Release|Win32.ActiveCfg = Release|Win32
		{375589BA-F861-47F7-A632-230AC7A7EE24}.Release|Win32.Build.0 = Release|Win32
		{375589BA-F861-47F7-A632-230AC7A7EE24}.Release|x64.ActiveCfg = Release|x64
		{375589BA-F861-47F7-A632-230AC7A7EE24}.Release|x64.Build.0 = Release|x64
		{375589BA-F861-47F7-A632-230AC7A7EE24}.Release9x|Win32.ActiveCfg = Release|Win32
		{375589BA-F861-47F7-A632-230AC7A7EE24}.Release9x|Win32.Build.0 = Release|Win32
		{375589BA-F861-47F7-A632-230AC7A7EE24}.Release9x|x64.ActiveCfg = Release|x64
		{375589BA-F861-47F7-A632-230AC7A7EE24}.Release9x|x64.Build.0 = Release|x64
		{375589BA-F861-47F7-A632-230AC7A7EE24}.ReleaseNT|Win32.ActiveCfg = Release|Win32
		{375589BA-F861-47F7-A632-230AC7A7EE24}.ReleaseNT|Win32.Build.0 = Release|Win32
		{375589BA-F861-47F7-A632-230AC7A7EE24}.ReleaseNT|x64.ActiveCfg = Release|x64
		{375589BA-F861-47F7-A632-230AC7A7EE24}.ReleaseNT|x64.Build.0 = Release|x64
		{50915BCD-2B3F-490D-A902-6A1E720125FE}.Debug|Win32.ActiveCfg = Debug|Win32
		{50915BCD-2B3F-490D-A902-6A1E720125FE}.Debug|Win32.Build.0 = Debug|Win32
		{50915BCD-2B3F-490D-A902-6A1E720125FE}.Debug|x64.ActiveCfg = Debug|x64
		{50915BCD-2B3F-490D-A902-6A1E720125FE}.Debug|x64.Build.0 = Debug|x64
		{50915BCD-2B3F-490D-A902-6A1E720125FE}.Debug9x|Win32.ActiveCfg = Debug|Win32
		{50915BCD-2B3F-490D-A902-6A1E720125FE}.Debug9x|Win32.Build.0 = Debug|Win32
		{50915BCD-2B3F-490D-A902-6A1E720125FE}.Debug9x|x64.ActiveCfg = Debug|x64
		{50915BCD-2B3F-490D-A902-6A1E720125FE}.Debug9x|x64.Build.0 = Debug|x64
		{50915BCD-2B3F-490D-A902-6A1E720125FE}.DebugNT|Win32.ActiveCfg = Debug|Win32
		{50915BCD-2B3F-490D-A902-6A1E720125FE}.DebugNT|Win32.Build.0 = Debug|Win32
		{50915BCD-2B3F-490D-A902-6A1E720125FE}.DebugNT|x64.ActiveCfg = Debug|x64
		{50915BCD-2B3F-490D-A902-6A1E720125FE}.DebugNT|x64.Build.0 = Debug|x64
		{50915BCD-2B3F-490D-A902-6A1E720125FE}.Release|Win32.ActiveCfg = Release|Win32
		{50915BCD-2B3F-490D-A902-6A1E720125FE}.Release|Win32.Build.0 = Release|Win32
		{50915BCD-2B3F-490D-A902-6A1E720125FE}.Release|x64.ActiveCfg = Release|x64
		{50915BCD-2B3F-490D-A902-6A1E720125FE}.Release|x64.Build.0 = Release|x64
		{50915BCD-2B3F-490D-A902-6A1E720125FE}.Release9x|Win32.ActiveCfg = Release|Win32
		{50915BCD-2B3F-490D-A902-6A1E720125FE}.Release9x|Win32.Build.0 = Release|Win32
		{50915BCD-2B3F-490D-A902-6A1E720125FE}.Release9x|x64.ActiveCfg = Release|x64
		{50915BCD-2B3F-490D-A902-6A1E720125FE}.Release9x|x64.Build.0 = Release|x64
		{50915BCD-2B3F-490D-A902-6A1E720125FE}.ReleaseNT|Win32.ActiveCfg = Release|Win32
		{50915BCD-2B3F-490D-A902-6A1E720125FE}.ReleaseNT|Win32.Build.0 = Release|Win32
		{50915BCD-2B3F-490D-A902-6A1E720125FE}.ReleaseNT|x64.ActiveCfg = Release|x64
		{50915BCD-2B3F-490D-A902-6A1E720125FE}.ReleaseNT|x64.Build.0 = Release|x64
		{D798C81F-A240-4CA8-9892-9E213736BC19}.Debug|Win32.ActiveCfg = Debug|Win32
		{D798C81F-A240-4CA8-9892-9E213736BC19}.Debug|Win32.Build.0 = Debug|Win32
		{D798C81F-A240-4CA8-9892-9E213736BC19}.Debug|x64.ActiveCfg = Debug|x64
		{D798C81F-A240-4CA8-9892-9E213736BC19}.Debug|x64.Build.0 = Debug|x64
		{D798C81F-A240-4CA8-9892-9E213736BC19}.Debug9x|Win32.ActiveCfg = Debug9x|Win32
		{D798C81F-A240-4CA8-9892-9E213736BC19}.Debug9x|Win32.Build.0 = Debug9x|Win32
		{D798C81F-A240-4CA8-9892-9E213736BC19}.Debug9x|x64.ActiveCfg = Debug9x|x64
		{D798C81F-A240-4CA8-9892-9E213736BC19}.Debug9x|x64.Build.0 = Debug9x|x64
		{D798C81F-A240-4CA8-9892-9E213736BC19}.DebugNT|Win32.ActiveCfg = Debug9x|Win32
		{D798C81F-A240-4CA8-9892-9E213736BC19}.DebugNT|Win32.Build.0 = Debug9x|Win32
		{D798C81F-A240-4CA8-9892-9E213736BC19}.DebugNT|x64.ActiveCfg = Debug9x|x64
		{D798C81F-A240-4CA8-9892-9E213736BC19}.DebugNT|x64.Build.0 = Debug9x|x64
		{D798C81F-A240-4CA8-9892-9E213736BC19}.Release|Win32.ActiveCfg = Release|Win32
		{D798C81F-A240-4CA8-9892-9E213736BC19}.Release|Win32.Build.0 = Release|Win32
		{D798C81F-A240-4CA8-9892-9E213736BC19}.Release|x64.ActiveCfg = Release|x64
		{D798C81F-A240-4CA8-9892-9E213736BC19}.Release|x64.Build.0 = Release|x64
		{D798C81F-A240-4CA8-9892-9E213736BC19}.Release9x|Win32.ActiveCfg = Release9x|Win32
		{D798C81F-A240-4CA8-9892-9E213736BC19}.Release9x|Win32.Build.0 = Release9x|Win32
		{D798C81F-A240-4CA8-9892-9E213736BC19}.Release9x|x64.ActiveCfg = Release9x|x64
		{D798C81F-A240-4CA8-9892-9E213736BC19}.Release9x|x64.Build.0 = Release9x|x64
		{D798C81F-A240-4CA8-9892-9E213736BC19}.ReleaseNT|Win32.ActiveCfg = Release|Win32
		{D798C81F-A240-4CA8-9892-9E213736BC19}.ReleaseNT|Win32.Build.0 = Release|Win32
		{D798C81F-A240-4CA8-9892-9E213736BC19}.ReleaseNT|x64.ActiveCfg = Release|x64
		{D798C81F-A240-4CA8-9892-9E213736BC19}.ReleaseNT|x64.Build.0 = Release|x64
		{D037E4D7-3D4E-4D9D-88BA-6D4186C33A79}.Debug|Win32.ActiveCfg = Debug|Win32
		{D037E4D7-3D4E-4D9D-88BA-6D4186C33A79}.Debug|Win32.Build.0 = Debug|Win32
		{D037E4D7-3D4E-4D9D-88BA-6D4186C33A79}.Debug|x64.ActiveCfg = Debug|x64
		{D037E4D7-3D4E-4D9D-88BA-6D4186C33A79}.Debug|x64.Build.0 = Debug|x64
		{D037E4D7-3D4E-4D9D-88BA-6D4186C33A79}.Debug9x|Win32.ActiveCfg = Debug9x|Win32
		{D037E4D7-3D4E-4D9D-88BA-6D4186C33A79}.Debug9x|Win32.Build.0 = Debug9x|Win32
		{D037E4D7-3D4E-4D9D-88BA-6D4186C33A79}.Debug9x|x64.ActiveCfg = Debug9x|x64
		{D037E4D7-3D4E-4D9D-88BA-6D4186C33A79}.Debug9x|x64.Build.0 = Debug9x|x64
		{D037E4D7-3D4E-4D9D-88BA-6D4186C33A79}.DebugNT|Win32.ActiveCfg = Debug9x|Win32
		{D037E4D7-3D4E-4D9D-88BA-6D4186C33A79}.DebugNT|Win32.Build.0 = Debug9x|Win32
		{D037E4D7-3D4E-4D9D-88BA-6D4186C33A79}.DebugNT|x64.ActiveCfg = Debug9x|x64
		{D037E4D7-3D4E-4D9D-88BA-6D4186C33A79}.DebugNT|x64.Build.0 = Debug9x|x64
		{D037E4D7-3D4E-4D9D-88BA-6D4186C33A79}.Release|Win32.ActiveCfg = Release|Win32
		{D037E4D7-3D4E-4D9D-88BA-6D4186C33A79}.Release|Win32.Build.0 = Release|Win32
		{D037E4D7-3D4E-4D9D-88BA-6D4186C33A79}.Release|x64.ActiveCfg = Release|x64
		{D037E4D7-3D4E-4D9D-88BA-6D4186C33A79}.Release|x64.Build.0 = Release|x64
		{D037E4D7-3D4E-4D9D-88BA-6D4186C33A79}.Release9x|Win32.ActiveCfg = Release9x|Win32
		{D037E4D7-3D4E-4D9D-88BA-6D4186C33A79}.Release9x|Win32.Build.0 = Release9x|Win32
		{D037E4D7-3D4E-4D9D-88BA-6D4186C33A79}.Release9x|x64.ActiveCfg = Release9x|x64
		{D037E4D7-3D4E-4D9D-88BA-6D4186C33A79}.Release9x|x64.Build.0 = Release9x|x64
		{D037E4D7-3D4E-4D9D-88BA-6D4186C33A79}.ReleaseNT|Win32.ActiveCfg = Release9x|Win32
		{D037E4D7-3D4E-4D9D-88BA-6D4186C33A79}.ReleaseNT|Win32.Build.0 = Release9x|Win32
		{D037E4D7-3D4E-4D9D-88BA-6D4186C33A79}.ReleaseNT|x64.ActiveCfg = Release9x|x64
		{D037E4D7-3D4E-4D9D-88BA-6D4186C33A79}.ReleaseNT|x64.Build.0 = Release9x|x64
		{5C17D591-77A6-4E3D-8C11-0C3D3353B6DB}.Debug|Win32.ActiveCfg = Debug|Win32
		{5C17D591-77A6-4E3D-8C11-0C3D3353B6DB}.Debug|Win32.Build.0 = Debug|Win32
		{5C17D591-77A6-4E3D-8C11-0C3D3353B6DB}.Debug|x64.ActiveCfg = Debug|x64
		{5C17D591-77A6-4E3D-8C11-0C3D3353B6DB}.Debug|x64.Build.0 = Debug|x64
		{5C17D591-77A6-4E3D-8C11-0C3D3353B6DB}.Debug9x|Win32.ActiveCfg = Debug|Win32
		{5C17D591-77A6-4E3D-8C11-0C3D3353B6DB}.Debug9x|Win32.Build.0 = Debug|Win32
		{5C17D591-77A6-4E3D-8C11-0C3D3353B6DB}.Debug9x|x64.ActiveCfg = Debug|x64
		{5C17D591-77A6-4E3D-8C11-0C3D3353B6DB}.Debug9x|x64.Build.0 = Debug|x64
		{5C17D591-77A6-4E3D-8C11-0C3D3353B6DB}.DebugNT|Win32.ActiveCfg = Debug|Win32
		{5C17D591-77A6-4E3D-8C11-0C3D3353B6DB}.DebugNT|Win32.Build.0 = Debug|Win32
		{5C17D591-77A6-4E3D-8C11-0C3D3353B6DB}.DebugNT|x64.ActiveCfg = Debug|x64
		{5C17D591-77A6-4E3D-8C11-0C3D3353B6DB}.DebugNT|x64.Build.0 = Debug|x64
		{5C17D591-77A6-4E3D-8C11-0C3D3353B6DB}.Release|Win32.ActiveCfg = Release|Win32
		{5C17D591-77A6-4E3D-8C11-0C3D3353B6DB}.Release|Win32.Build.0 = Release|Win32
		{5C17D591-77A6-4E3D-8C11-0C3D3353B6DB}.Release|x64.ActiveCfg = Release|x64
		{5C17D591-77A6-4E3D-8C11-0C3D3353B6DB}.Release|x64.Build.0 = Release|x64
		{5C17D591-77A6-4E3D-8C11-0C3D3353B6DB}.Release9x|Win32.ActiveCfg = Release|Win32
		{5C17D591-77A6-4E3D-8C11-0C3D3353B6DB}.Release9x|Win32.Build.0 = Release|Win32
		{5C17D591-77A6-4E3D-8C11-0C3D3353B6DB}.Release9x|x64.ActiveCfg = Release|x64
		{5C17D591-77A6-4E3D-8C11-0C3D3353B6DB}.Release9x|x64.Build.0 = Release|x64
		{5C17D591-77A6-4E3D-8C11-0C3D3353B6DB}.ReleaseNT|Win32.ActiveCfg = Release|Win32
		{5C17D591-77A6-4E3D-8C11-0C3D3353B6DB}.ReleaseNT|Win32.Build.0 = Release|Win32
		{5C17D591-77A6-4E3D-8C11-0C3D3353B6DB}.ReleaseNT|x64.ActiveCfg = Release|x64
		{5C17D591-77A6-4E3D-8C11-0C3D3353B6DB}.ReleaseNT|x64.Build.0 = Release|x64
		{A00C74DF-90CB-4E6F-A339-039BD73410A9}.Debug|Win32.ActiveCfg = Debug|Win32
		{A00C74DF-90CB-4E6F-A339-039BD73410A9}.Debug|Win32.Build.0 = Debug|Win32
		{A00C74DF-90CB-4E6F-A339-039BD73410A9}.Debug|x64.ActiveCfg = Debug|x64
		{A00C74DF-90CB-4E6F-A339-039BD73410A9}.Debug|x64.Build.0 = Debug|x64
		{A00C74DF-90CB-4E6F-A339-039BD73410A9}.Debug9x|Win32.ActiveCfg = Debug9x|Win32
		{A00C74DF-90CB-4E6F-A339-039BD73410A9}.Debug9x|Win32.Build.0 = Debug9x|Win32
		{A00C74DF-90CB-4E6F-A339-039BD73410A9}.Debug9x|x64.ActiveCfg = Debug9x|x64
		{A00C74DF-90CB-4E6F-A339-039BD73410A9}.Debug9x|x64.Build.0 = Debug9x|x64
		{A00C74DF-90CB-4E6F-A339-039BD73410A9}.DebugNT|Win32.ActiveCfg = DebugNT|Win32
		{A00C74DF-90CB-4E6F-A339-039BD73410A9}.DebugNT|Win32.Build.0 = DebugNT|Win32
		{A00C74DF-90CB-4E6F-A339-039BD73410A9}.DebugNT|x64.ActiveCfg = DebugNT|x64
		{A00C74DF-90CB-4E6F-A339-039BD73410A9}.DebugNT|x64.Build.0 = DebugNT|x64
		{A00C74DF-90CB-4E6F-A339-039BD73410A9}.Release|Win32.ActiveCfg = Release|Win32
		{A00C74DF-90CB-4E6F-A339-039BD73410A9}.Release|Win32.Build.0 = Release|Win32
		{A00C74DF-90CB-4E6F-A339-039BD73410A9}.Release|x64.ActiveCfg = Release|x64
		{A00C74DF-90CB-4E6F-A339-039BD73410A9}.Release|x64.Build.0 = Release|x64
		{A00C74DF-90CB-4E6F-A339-039BD73410A9}.Release9x|Win32.ActiveCfg = Release9x|Win32
		{A00C74DF-90CB-4E6F-A339-039BD73410A9}.Release9x|Win32.Build.0 = Release9x|Win32
		{A00C74DF-90CB-4E6F-A339-039BD73410A9}.Release9x|x64.ActiveCfg = Release9x|x64
		{A00C74DF-90CB-4E6F-A339-039BD73410A9}.Release9x|x64.Build.0 = Release9x|x64
		{A00C74DF-90CB-4E6F-A339-039BD73410A9}.ReleaseNT|Win32.ActiveCfg = ReleaseNT|Win32
		{A00C74DF-90CB-4E6F-A339-039BD73410A9}.ReleaseNT|Win32.Build.0 = ReleaseNT|Win32
		{A00C74DF-90CB-4E6F-A339-039BD73410A9}.ReleaseNT|x64.ActiveCfg = ReleaseNT|x64
		{A00C74DF-90CB-4E6F-A339-039BD73410A9}.ReleaseNT|x64.Build.0 = ReleaseNT|x64
		{E863B962-BD16-42EA-8BEF-D26DFFA9EFB6}.Debug|Win32.ActiveCfg = Debug|Win32
		{E863B962-BD16-42EA-8BEF-D26DFFA9EFB6}.Debug|Win32.Build.0 = Debug|Win32
		{E863B962-BD16-42EA-8BEF-D26DFFA9EFB6}.Debug|x64.ActiveCfg = Debug|x64
		{E863B962-BD16-42EA-8BEF-D26DFFA9EFB6}.Debug|x64.Build.0 = Debug|x64
		{E863B962-BD16-42EA-8BEF-D26DFFA9EFB6}.Debug9x|Win32.ActiveCfg = Debug9x|Win32
		{E863B962-BD16-42EA-8BEF-D26DFFA9EFB6}.Debug9x|Win32.Build.0 = Debug9x|Win32
		{E863B962-BD16-42EA-8BEF-D26DFFA9EFB6}.Debug9x|x64.ActiveCfg = Debug9x|x64
		{E863B962-BD16-42EA-8BEF-D26DFFA9EFB6}.Debug9x|x64.Build.0 = Debug9x|x64
		{E863B962-BD16-42EA-8BEF-D26DFFA9EFB6}.DebugNT|Win32.ActiveCfg = DebugNT|Win32
		{E863B962-BD16-42EA-8BEF-D26DFFA9EFB6}.DebugNT|Win32.Build.0 = DebugNT|Win32
		{E863B962-BD16-42EA-8BEF-D26DFFA9EFB6}.DebugNT|x64.ActiveCfg = DebugNT|x64
		{E863B962-BD16-42EA-8BEF-D26DFFA9EFB6}.DebugNT|x64.Build.0 = DebugNT|x64
		{E863B962-BD16-42EA-8BEF-D26DFFA9EFB6}.Release|Win32.ActiveCfg = Release|Win32
		{E863B962-BD16-42EA-8BEF-D26DFFA9EFB6}.Release|Win32.Build.0 = Release|Win32
		{E863B962-BD16-42EA-8BEF-D26DFFA9EFB6}.Release|x64.ActiveCfg = Release|x64
		{E863B962-BD16-42EA-8BEF-D26DFFA9EFB6}.Release|x64.Build.0 = Release|x64
		{E863B962-BD16-42EA-8BEF-D26DFFA9EFB6}.Release9x|Win32.ActiveCfg = Release9x|Win32
		{E863B962-BD16-42EA-8BEF-D26DFFA9EFB6}.Release9x|Win32.Build.0 = Release9x|Win32
		{E863B962-BD16-42EA-8BEF-D26DFFA9EFB6}.Release9x|x64.ActiveCfg = Release9x|x64
		{E863B962-BD16-42EA-8BEF-D26DFFA9EFB6}.Release9x|x64.Build.0 = Release9x|x64
		{E863B962-BD16-42EA-8BEF-D26DFFA9EFB6}.ReleaseNT|Win32.ActiveCfg = ReleaseNT|Win32
		{E863B962-BD16-42EA-8BEF-D26DFFA9EFB6}.ReleaseNT|Win32.Build.0 = ReleaseNT|Win32
		{E863B962-BD16-42EA-8BEF-D26DFFA9EFB6}.ReleaseNT|x64.ActiveCfg = ReleaseNT|x64
		{E863B962-BD16-42EA-8BEF-D26DFFA9EFB6}.ReleaseNT|x64.Build.0 = ReleaseNT|x64
		{7B325AF0-938B-4154-AE67-37CB02A5D6E0}.Debug|Win32.ActiveCfg = Debug|Win32
		{7B325AF0-938B-4154-AE67-37CB02A5D6E0}.Debug|Win32.Build.0 = Debug|Win32
		{7B325AF0-938B-4154-AE67-37CB02A5D6E0}.Debug|x64.ActiveCfg = Debug|x64
		{7B325AF0-938B-4154-AE67-37CB02A5D6E0}.Debug|x64.Build.0 = Debug|x64
		{7B325AF0-938B-4154-AE67-37CB02A5D6E0}.Debug9x|Win32.ActiveCfg = Debug|Win32
		{7B325AF0-938B-4154-AE67-37CB02A5D6E0}.Debug9x|Win32.Build.0 = Debug|Win32
		{7B325AF0-938B-4154-AE67-37CB02A5D6E0}.Debug9x|x64.ActiveCfg = Debug|x64
		{7B325AF0-938B-4154-AE67-37CB02A5D6E0}.Debug9x|x64.Build.0 = Debug|x64
		{7B325AF0-938B-4154-AE67-37CB02A5D6E0}.DebugNT|Win32.ActiveCfg = Debug|Win32
		{7B325AF0-938B-4154-AE67-37CB02A5D6E0}.DebugNT|Win32.Build.0 = Debug|Win32
		{7B325AF0-938B-4154-AE67-37CB02A5D6E0}.DebugNT|x64.ActiveCfg = Debug|x64
		{7B325AF0-938B-4154-AE67-37CB02A5D6E0}.DebugNT|x64.Build.0 = Debug|x64
		{7B325AF0-938B-4154-AE67-37CB02A5D6E0}.Release|Win32.ActiveCfg = Release|Win32
		{7B325AF0-938B-4154-AE67-37CB02A5D6E0}.Release|Win32.Build.0 = Release|Win32
		{7B325AF0-938B-4154-AE67-37CB02A5D6E0}.Release|x64.ActiveCfg = Release|x64
		{7B325AF0-938B-4154-AE67-37CB02A5D6E0}.Release|x64.Build.0 = Release|x64
		{7B325AF0-938B-4154-AE67-37CB02A5D6E0}.Release9x|Win32.ActiveCfg = Release|Win32
		{7B325AF0-938B-4154-AE67-37CB02A5D6E0}.Release9x|Win32.Build.0 = Release|Win32
		{7B325AF0-938B-4154-AE67-37CB02A5D6E0}.Release9x|x64.ActiveCfg = Release|x64
		{7B325AF0-938B-4154-AE67-37CB02A5D6E0}.Release9x|x64.Build.0 = Release|x64
		{7B325AF0-938B-4154-AE67-37CB02A5D6E0}.ReleaseNT|Win32.ActiveCfg = Release|Win32
		{7B325AF0-938B-4154-AE67-37CB02A5D6E0}.ReleaseNT|Win32.Build.0 = Release|Win32
		{7B325AF0-938B-4154-AE67-37CB02A5D6E0}.ReleaseNT|x64.ActiveCfg = Release|x64
		{7B325AF0-938B-4154-AE67-37CB02A5D6E0}.ReleaseNT|x64.Build.0 = Release|x64
		{E6A3A6AF-E826-4948-BD35-2D10A2258F4A}.Debug|Win32.ActiveCfg = Debug|Win32
		{E6A3A6AF-E826-4948-BD35-2D10A2258F4A}.Debug|Win32.Build.0 = Debug|Win32
		{E6A3A6AF-E826-4948-BD35-2D10A2258F4A}.Debug|x64.ActiveCfg = Debug|x64
		{E6A3A6AF-E826-4948-BD35-2D10A2258F4A}.Debug|x64.Build.0 = Debug|x64
		{E6A3A6AF-E826-4948-BD35-2D10A2258F4A}.Debug9x|Win32.ActiveCfg = Debug9x|Win32
		{E6A3A6AF-E826-4948-BD35-2D10A2258F4A}.Debug9x|Win32.Build.0 = Debug9x|Win32
		{E6A3A6AF-E826-4948-BD35-2D10A2258F4A}.Debug9x|x64.ActiveCfg = Debug9x|x64
		{E6A3A6AF-E826-4948-BD35-2D10A2258F4A}.Debug9x|x64.Build.0 = Debug9x|x64
		{E6A3A6AF-E826-4948-BD35-2D10A2258F4A}.DebugNT|Win32.ActiveCfg = Debug9x|Win32
		{E6A3A6AF-E826-4948-BD35-2D10A2258F4A}.DebugNT|Win32.Build.0 = Debug9x|Win32
		{E6A3A6AF-E826-4948-BD35-2D10A2258F4A}.DebugNT|x64.ActiveCfg = Debug9x|x64
		{E6A3A6AF-E826-4948-BD35-2D10A2258F4A}.DebugNT|x64.Build.0 = Debug9x|x64
		{E6A3A6AF-E826-4948-BD35-2D10A2258F4A}.Release|Win32.ActiveCfg = Release|Win32
		{E6A3A6AF-E826-4948-BD35-2D10A2258F4A}.Release|Win32.Build.0 = Release|Win32
		{E6A3A6AF-E826-4948-BD35-2D10A2258F4A}.Release|x64.ActiveCfg = Release|x64
		{E6A3A6AF-E826-4948-BD35-2D10A2258F4A}.Release|x64.Build.0 = Release|x64
		{E6A3A6AF-E826-4948-BD35-2D10A2258F4A}.Release9x|Win32.ActiveCfg = Release9x|Win32
		{E6A3A6AF-E826-4948-BD35-2D10A2258F4A}.Release9x|Win32.Build.0 = Release9x|Win32
		{E6A3A6AF-E826-4948-BD35-2D10A2258F4A}.Release9x|x64.ActiveCfg = Release9x|x64
		{E6A3A6AF-E826-4948-BD35-2D10A2258F4A}.Release9x|x64.Build.0 = Release9x|x64
		{E6A3A6AF-E826-4948-BD35-2D10A2258F4A}.ReleaseNT|Win32.ActiveCfg = Release9x|Win32
		{E6A3A6AF-E826-4948-BD35-2D10A2258F4A}.ReleaseNT|Win32.Build.0 = Release9x|Win32
		{E6A3A6AF-E826-4948-BD35-2D10A2258F4A}.ReleaseNT|x64.ActiveCfg = Release9x|x64
		{E6A3A6AF-E826-4948-BD35-2D10A2258F4A}.ReleaseNT|x64.Build.0 = Release9x|x64
		{5D322EA8-0572-4DFF-BF93-DB32C0A3A3C5}.Debug|Win32.ActiveCfg = Debug|Win32
		{5D322EA8-0572-4DFF-BF93-DB32C0A3A3C5}.Debug|Win32.Build.0 = Debug|Win32
		{5D322EA8-0572-4DFF-BF93-DB32C0A3A3C5}.Debug|x64.ActiveCfg = Debug|x64
		{5D322EA8-0572-4DFF-BF93-DB32C0A3A3C5}.Debug|x64.Build.0 = Debug|x64
		{5D322EA8-0572-4DFF-BF93-DB32C0A3A3C5}.Debug9x|Win32.ActiveCfg = Debug|Win32
		{5D322EA8-0572-4DFF-BF93-DB32C0A3A3C5}.Debug9x|Win32.Build.0 = Debug|Win32
		{5D322EA8-0572-4DFF-BF93-DB32C0A3A3C5}.Debug9x|x64.ActiveCfg = Debug|x64
		{5D322EA8-0572-4DFF-BF93-DB32C0A3A3C5}.Debug9x|x64.Build.0 = Debug|x64
		{5D322EA8-0572-4DFF-BF93-DB32C0A3A3C5}.DebugNT|Win32.ActiveCfg = Debug|Win32
		{5D322EA8-0572-4DFF-BF93-DB32C0A3A3C5}.DebugNT|Win32.Build.0 = Debug|Win32
		{5D322EA8-0572-4DFF-BF93-DB32C0A3A3C5}.DebugNT|x64.ActiveCfg = Debug|x64
		{5D322EA8-0572-4DFF-BF93-DB32C0A3A3C5}.DebugNT|x64.Build.0 = Debug|x64
		{5D322EA8-0572-4DFF-BF93-DB32C0A3A3C5}.Release|Win32.ActiveCfg = Release|Win32
		{5D322EA8-0572-4DFF-BF93-DB32C0A3A3C5}.Release|Win32.Build.0 = Release|Win32
		{5D322EA8-0572-4DFF-BF93-DB32C0A3A3C5}.Release|x64.ActiveCfg = Release|x64
		{5D322EA8-0572-4DFF-BF93-DB32C0A3A3C5}.Release|x64.Build.0 = Release|x64
		{5D322EA8-0572-4DFF-BF93-DB32C0A3A3C5}.Release9x|Win32.ActiveCfg = Release|Win32
		{5D322EA8-0572-4DFF-BF93-DB32C0A3A3C5}.Release9x|Win32.Build.0 = Release|Win32
		{5D322EA8-0572-4DFF-BF93-DB32C0A3A3C5}.Release9x|x64.ActiveCfg = Release|x64
		{5D322EA8-0572-4DFF-BF93-DB32C0A3A3C5}.Release9x|x64.Build.0 = Release|x64
		{5D322EA8-0572-4DFF-BF93-DB32C0A3A3C5}.ReleaseNT|Win32.ActiveCfg = Release|Win32
		{5D322EA8-0572-4DFF-BF93-DB32C0A3A3C5}.ReleaseNT|Win32.Build.0 = Release|Win32
		{5D322EA8-0572-4DFF-BF93-DB32C0A3A3C5}.ReleaseNT|x64.ActiveCfg = Release|x64
		{5D322EA8-0572-4DFF-BF93-DB32C0A3A3C5}.ReleaseNT|x64.Build.0 = Release|x64
		{5F8308D7-5427-49CA-92F7-14FB87F942B6}.Debug|Win32.ActiveCfg = Debug|Win32
		{5F8308D7-5427-49CA-92F7-14FB87F942B6}.Debug|Win32.Build.0 = Debug|Win32
		{5F8308D7-5427-49CA-92F7-14FB87F942B6}.Debug|x64.ActiveCfg = Debug|x64
		{5F8308D7-5427-49CA-92F7-14FB87F942B6}.Debug|x64.Build.0 = Debug|x64
		{5F8308D7-5427-49CA-92F7-14FB87F942B6}.Debug9x|Win32.ActiveCfg = Debug|Win32
		{5F8308D7-5427-49CA-92F7-14FB87F942B6}.Debug9x|Win32.Build.0 = Debug|Win32
		{5F8308D7-5427-49CA-92F7-14FB87F942B6}.Debug9x|x64.ActiveCfg = Debug|x64
		{5F8308D7-5427-49CA-92F7-14FB87F942B6}.Debug9x|x64.Build.0 = Debug|x64
		{5F8308D7-5427-49CA-92F7-14FB87F942B6}.DebugNT|Win32.ActiveCfg = Debug|Win32
		{5F8308D7-5427-49CA-92F7-14FB87F942B6}.DebugNT|Win32.Build.0 = Debug|Win32
		{5F8308D7-5427-49CA-92F7-14FB87F942B6}.DebugNT|x64.ActiveCfg = Debug|x64
		{5F8308D7-5427-49CA-92F7-14FB87F942B6}.DebugNT|x64.Build.0 = Debug|x64
		{5F8308D7-5427-49CA-92F7-14FB87F942B6}.Release|Win32.ActiveCfg = Release|Win32
		{5F8308D7-5427-49CA-92F7-14FB87F942B6}.Release|Win32.Build.0 = Release|Win32
		{5F8308D7-5427-49CA-92F7-14FB87F942B6}.Release|x64.ActiveCfg = Release|x64
		{5F8308D7-5427-49CA-92F7-14FB87F942B6}.Release|x64.Build.0 = Release|x64
		{5F8308D7-5427-49CA-92F7-14FB87F942B6}.Release9x|Win32.ActiveCfg = Release|Win32
		{5F8308D7-5427-49CA-92F7-14FB87F942B6}.Release9x|Win32.Build.0 = Release|Win32
		{5F8308D7-5427-49CA-92F7-14FB87F942B6}.Release9x|x64.ActiveCfg = Release|x64
		{5F8308D7-5427-49CA-92F7-14FB87F942B6}.Release9x|x64.Build.0 = Release|x64
		{5F8308D7-5427-49CA-92F7-14FB87F942B6}.ReleaseNT|Win32.ActiveCfg = Release|Win32
		{5F8308D7-5427-49CA-92F7-14FB87F942B6}.ReleaseNT|Win32.Build.0 = Release|Win32
		{5F8308D7-5427-49CA-92F7-14FB87F942B6}.ReleaseNT|x64.ActiveCfg = Release|x64
		{5F8308D7-5427-49CA-92F7-14FB87F942B6}.ReleaseNT|x64.Build.0 = Release|x64
		{004D0D1B-CC9B-46BB-B7FA-70651B22B32F}.Debug|Win32.ActiveCfg = Debug|Win32
		{004D0D1B-CC9B-46BB-B7FA-70651B22B32F}.Debug|Win32.Build.0 = Debug|Win32
		{004D0D1B-CC9B-46BB-B7FA-70651B22B32F}.Debug|x64.ActiveCfg = Debug|x64
		{004D0D1B-CC9B-46BB-B7FA-70651B22B32F}.Debug|x64.Build.0 = Debug|x64
		{004D0D1B-CC9B-46BB-B7FA-70651B22B32F}.Debug9x|Win32.ActiveCfg = Debug9x|Win32
		{004D0D1B-CC9B-46BB-B7FA-70651B22B32F}.Debug9x|Win32.Build.0 = Debug9x|Win32
		{004D0D1B-CC9B-46BB-B7FA-70651B22B32F}.Debug9x|x64.ActiveCfg = Debug9x|x64
		{004D0D1B-CC9B-46BB-B7FA-70651B22B32F}.Debug9x|x64.Build.0 = Debug9x|x64
		{004D0D1B-CC9B-46BB-B7FA-70651B22B32F}.DebugNT|Win32.ActiveCfg = Debug9x|Win32
		{004D0D1B-CC9B-46BB-B7FA-70651B22B32F}.DebugNT|Win32.Build.0 = Debug9x|Win32
		{004D0D1B-CC9B-46BB-B7FA-70651B22B32F}.DebugNT|x64.ActiveCfg = Debug9x|x64
		{004D0D1B-CC9B-46BB-B7FA-70651B22B32F}.DebugNT|x64.Build.0 = Debug9x|x64
		{004D0D1B-CC9B-46BB-B7FA-70651B22B32F}.Release|Win32.ActiveCfg = Release|Win32
		{004D0D1B-CC9B-46BB-B7FA-70651B22B32F}.Release|Win32.Build.0 = Release|Win32
		{004D0D1B-CC9B-46BB-B7FA-70651B22B32F}.Release|x64.ActiveCfg = Release|x64
		{004D0D1B-CC9B-46BB-B7FA-70651B22B32F}.Release|x64.Build.0 = Release|x64
		{004D0D1B-CC9B-46BB-B7FA-70651B22B32F}.Release9x|Win32.ActiveCfg = Release9x|Win32
		{004D0D1B-CC9B-46BB-B7FA-70651B22B32F}.Release9x|Win32.Build.0 = Release9x|Win32
		{004D0D1B-CC9B-46BB-B7FA-70651B22B32F}.Release9x|x64.ActiveCfg = Release9x|x64
		{004D0D1B-CC9B-46BB-B7FA-70651B22B32F}.Release9x|x64.Build.0 = Release9x|x64
		{004D0D1B-CC9B-46BB-B7FA-70651B22B32F}.ReleaseNT|Win32.ActiveCfg = Release|Win32
		{004D0D1B-CC9B-46BB-B7FA-70651B22B32F}.ReleaseNT|Win32.Build.0 = Release|Win32
		{004D0D1B-CC9B-46BB-B7FA-70651B22B32F}.ReleaseNT|x64.ActiveCfg = Release|x64
		{004D0D1B-CC9B-46BB-B7FA-70651B22B32F}.ReleaseNT|x64.Build.0 = Release|x64
		{05B5AFA5-AEFE-4B2B-82B6-84EB1405DBFD}.Debug|Win32.ActiveCfg = Debug|Win32
		{05B5AFA5-AEFE-4B2B-82B6-84EB1405DBFD}.Debug|Win32.Build.0 = Debug|Win32
		{05B5AFA5-AEFE-4B2B-82B6-84EB1405DBFD}.Debug|x64.ActiveCfg = Debug|x64
		{05B5AFA5-AEFE-4B2B-82B6-84EB1405DBFD}.Debug|x64.Build.0 = Debug|x64
		{05B5AFA5-AEFE-4B2B-82B6-84EB1405DBFD}.Debug9x|Win32.ActiveCfg = Debug|Win32
		{05B5AFA5-AEFE-4B2B-82B6-84EB1405DBFD}.Debug9x|Win32.Build.0 = Debug|Win32
		{05B5AFA5-AEFE-4B2B-82B6-84EB1405DBFD}.Debug9x|x64.ActiveCfg = Debug|x64
		{05B5AFA5-AEFE-4B2B-82B6-84EB1405DBFD}.Debug9x|x64.Build.0 = Debug|x64
		{05B5AFA5-AEFE-4B2B-82B6-84EB1405DBFD}.DebugNT|Win32.ActiveCfg = Debug|Win32
		{05B5AFA5-AEFE-4B2B-82B6-84EB1405DBFD}.DebugNT|Win32.Build.0 = Debug|Win32
		{05B5AFA5-AEFE-4B2B-82B6-84EB1405DBFD}.DebugNT|x64.ActiveCfg = Debug|x64
		{05B5AFA5-AEFE-4B2B-82B6-84EB1405DBFD}.DebugNT|x64.Build.0 = Debug|x64
		{05B5AFA5-AEFE-4B2B-82B6-84EB1405DBFD}.Release|Win32.ActiveCfg = Release|Win32
		{05B5AFA5-AEFE-4B2B-82B6-84EB1405DBFD}.Release|Win32.Build.0 = Release|Win32
		{05B5AFA5-AEFE-4B2B-82B6-84EB1405DBFD}.Release|x64.ActiveCfg = Release|x64
		{05B5AFA5-AEFE-4B2B-82B6-84EB1405DBFD}.Release|x64.Build.0 = Release|x64
		{05B5AFA5-AEFE-4B2B-82B6-84EB1405DBFD}.Release9x|Win32.ActiveCfg = Release|Win32
		{05B5AFA5-AEFE-4B2B-82B6-84EB1405DBFD}.Release9x|Win32.Build.0 = Release|Win32
		{05B5AFA5-AEFE-4B2B-82B6-84EB1405DBFD}.Release9x|x64.ActiveCfg = Release|x64
		{05B5AFA5-AEFE-4B2B-82B6-84EB1405DBFD}.Release9x|x64.Build.0 = Release|x64
		{05B5AFA5-AEFE-4B2B-82B6-84EB1405DBFD}.ReleaseNT|Win32.ActiveCfg = Release|Win32
		{05B5AFA5-AEFE-4B2B-82B6-84EB1405DBFD}.ReleaseNT|Win32.Build.0 = Release|Win32
		{05B5AFA5-AEFE-4B2B-82B6-84EB1405DBFD}.ReleaseNT|x64.ActiveCfg = Release|x64
		{05B5AFA5-AEFE-4B2B-82B6-84EB1405DBFD}.ReleaseNT|x64.Build.0 = Release|x64
	EndGlobalSection
	GlobalSection(SolutionProperties) = preSolution
		HideSolutionNode = FALSE
	EndGlobalSection
EndGlobal
